
Microsoft Visual Studio Solution File, Format Version 12.00
# Visual Studio Version 17
VisualStudioVersion = 17.3.32825.248
MinimumVisualStudioVersion = 10.0.40219.1
Project("{FAE04EC0-301F-11D3-BF4B-00C04F79EFBC}") = "Bitness", "Bitness\Bitness.csproj", "{26DC4DFB-F0B0-421A-AAAD-CA225C762AFF}"
EndProject
Project("{2150E333-8FDC-42A3-9474-1A3956D46DE8}") = "Solution Items", "Solution Items", "{29101AF1-0ACE-48E2-9807-7367C7BDBF3D}"
	ProjectSection(SolutionItems) = preProject
		LICENSE = LICENSE
		README.md = README.md
	EndProjectSection
EndProject
Project("{FAE04EC0-301F-11D3-BF4B-00C04F79EFBC}") = "MouseSpeed", "MouseSpeed\MouseSpeed.csproj", "{AC97B715-0D18-4C7E-A991-1F53C2CDF921}"
EndProject
Project("{FAE04EC0-301F-11D3-BF4B-00C04F79EFBC}") = "Measure", "Measure\Measure.csproj", "{C32135A3-AFBB-4A3D-8AC6-B07CF94BBCBD}"
EndProject
Project("{FAE04EC0-301F-11D3-BF4B-00C04F79EFBC}") = "MachineKeyGenerator", "MachineKeyGenerator\MachineKeyGenerator.csproj", "{58D5F4FE-B853-42F8-BA17-9CDC53E77036}"
EndProject
Project("{FAE04EC0-301F-11D3-BF4B-00C04F79EFBC}") = "ColourAtCursor", "ColourAtCursor\ColourAtCursor.csproj", "{E8CD9920-B363-488B-B70A-F2ECF3C3AB3A}"
EndProject
Project("{FAE04EC0-301F-11D3-BF4B-00C04F79EFBC}") = "FirstBits", "FirstBits\FirstBits.csproj", "{2A623B9F-525B-46A8-88CC-B4EDC4CA273A}"
EndProject
Global
	GlobalSection(SolutionConfigurationPlatforms) = preSolution
		Debug|Any CPU = Debug|Any CPU
		Release|Any CPU = Release|Any CPU
	EndGlobalSection
	GlobalSection(ProjectConfigurationPlatforms) = postSolution
		{26DC4DFB-F0B0-421A-AAAD-CA225C762AFF}.Debug|Any CPU.ActiveCfg = Debug|Any CPU
		{26DC4DFB-F0B0-421A-AAAD-CA225C762AFF}.Debug|Any CPU.Build.0 = Debug|Any CPU
		{26DC4DFB-F0B0-421A-AAAD-CA225C762AFF}.Release|Any CPU.ActiveCfg = Release|Any CPU
		{26DC4DFB-F0B0-421A-AAAD-CA225C762AFF}.Release|Any CPU.Build.0 = Release|Any CPU
		{AC97B715-0D18-4C7E-A991-1F53C2CDF921}.Debug|Any CPU.ActiveCfg = Debug|Any CPU
		{AC97B715-0D18-4C7E-A991-1F53C2CDF921}.Debug|Any CPU.Build.0 = Debug|Any CPU
		{AC97B715-0D18-4C7E-A991-1F53C2CDF921}.Release|Any CPU.ActiveCfg = Release|Any CPU
		{AC97B715-0D18-4C7E-A991-1F53C2CDF921}.Release|Any CPU.Build.0 = Release|Any CPU
		{C32135A3-AFBB-4A3D-8AC6-B07CF94BBCBD}.Debug|Any CPU.ActiveCfg = Debug|Any CPU
		{C32135A3-AFBB-4A3D-8AC6-B07CF94BBCBD}.Debug|Any CPU.Build.0 = Debug|Any CPU
		{C32135A3-AFBB-4A3D-8AC6-B07CF94BBCBD}.Release|Any CPU.ActiveCfg = Release|Any CPU
		{C32135A3-AFBB-4A3D-8AC6-B07CF94BBCBD}.Release|Any CPU.Build.0 = Release|Any CPU
		{58D5F4FE-B853-42F8-BA17-9CDC53E77036}.Debug|Any CPU.ActiveCfg = Debug|Any CPU
		{58D5F4FE-B853-42F8-BA17-9CDC53E77036}.Debug|Any CPU.Build.0 = Debug|Any CPU
		{58D5F4FE-B853-42F8-BA17-9CDC53E77036}.Release|Any CPU.ActiveCfg = Release|Any CPU
		{58D5F4FE-B853-42F8-BA17-9CDC53E77036}.Release|Any CPU.Build.0 = Release|Any CPU
		{E8CD9920-B363-488B-B70A-F2ECF3C3AB3A}.Debug|Any CPU.ActiveCfg = Debug|Any CPU
		{E8CD9920-B363-488B-B70A-F2ECF3C3AB3A}.Debug|Any CPU.Build.0 = Debug|Any CPU
		{E8CD9920-B363-488B-B70A-F2ECF3C3AB3A}.Release|Any CPU.ActiveCfg = Release|Any CPU
		{E8CD9920-B363-488B-B70A-F2ECF3C3AB3A}.Release|Any CPU.Build.0 = Release|Any CPU
		{2A623B9F-525B-46A8-88CC-B4EDC4CA273A}.Debug|Any CPU.ActiveCfg = Debug|Any CPU
		{2A623B9F-525B-46A8-88CC-B4EDC4CA273A}.Debug|Any CPU.Build.0 = Debug|Any CPU
		{2A623B9F-525B-46A8-88CC-B4EDC4CA273A}.Release|Any CPU.ActiveCfg = Release|Any CPU
		{2A623B9F-525B-46A8-88CC-B4EDC4CA273A}.Release|Any CPU.Build.0 = Release|Any CPU
	EndGlobalSection
	GlobalSection(SolutionProperties) = preSolution
		HideSolutionNode = FALSE
	EndGlobalSection
	GlobalSection(ExtensibilityGlobals) = postSolution
		SolutionGuid = {43199405-B6DE-45D4-87A6-298DA7D02547}
	EndGlobalSection
EndGlobal
